
Microsoft Visual Studio Solution File, Format Version 12.00
# Visual Studio Version 17
VisualStudioVersion = 17.7.34221.43
MinimumVisualStudioVersion = 10.0.40219.1
Project("{FAE04EC0-301F-11D3-BF4B-00C04F79EFBC}") = "QLDoAnAPI", "QLDoAnAPI\QLDoAnAPI.csproj", "{06FC5170-2305-4D13-8F81-7BB3239A79EC}"
EndProject
Global
	GlobalSection(SolutionConfigurationPlatforms) = preSolution
		Debug|Any CPU = Debug|Any CPU
		Release|Any CPU = Release|Any CPU
	EndGlobalSection
	GlobalSection(ProjectConfigurationPlatforms) = postSolution
		{06FC5170-2305-4D13-8F81-7BB3239A79EC}.Debug|Any CPU.ActiveCfg = Debug|Any CPU
		{06FC5170-2305-4D13-8F81-7BB3239A79EC}.Debug|Any CPU.Build.0 = Debug|Any CPU
		{06FC5170-2305-4D13-8F81-7BB3239A79EC}.Release|Any CPU.ActiveCfg = Release|Any CPU
		{06FC5170-2305-4D13-8F81-7BB3239A79EC}.Release|Any CPU.Build.0 = Release|Any CPU
	EndGlobalSection
	GlobalSection(SolutionProperties) = preSolution
		HideSolutionNode = FALSE
	EndGlobalSection
	GlobalSection(ExtensibilityGlobals) = postSolution
		SolutionGuid = {FBA74AFA-7FDA-4A06-8EC9-7FEFC864DDC9}
	EndGlobalSection
EndGlobal
